
Microsoft Visual Studio Solution File, Format Version 12.00
# Visual Studio Version 16
VisualStudioVersion = 16.0.30114.105
MinimumVisualStudioVersion = 10.0.40219.1
Project("{2150E333-8FDC-42A3-9474-1A3956D46DE8}") = "BLL", "BLL", "{3A70A4DE-51D3-44F7-8259-6EA42391DD09}"
EndProject
Project("{2150E333-8FDC-42A3-9474-1A3956D46DE8}") = "DAL", "DAL", "{387D2E47-846F-4107-B97F-3388CB34D354}"
EndProject
Project("{2150E333-8FDC-42A3-9474-1A3956D46DE8}") = "PL", "PL", "{53F015F5-427C-4BB0-90B2-6A46B8C48AFB}"
EndProject
Project("{2150E333-8FDC-42A3-9474-1A3956D46DE8}") = "Common", "Common", "{126EE845-F7BE-448C-BABD-547998DB7700}"
EndProject
Project("{FAE04EC0-301F-11D3-BF4B-00C04F79EFBC}") = "UsersAndAwards.DAL", "UsersAndAwards.DAL\UsersAndAwards.DAL.csproj", "{47EDCB40-A94B-48D1-8E6D-D0A3EE191529}"
EndProject
Project("{FAE04EC0-301F-11D3-BF4B-00C04F79EFBC}") = "UsersAndAwards.DAL.Interface", "UsersAndAwars.DAL.Interface\UsersAndAwards.DAL.Interface.csproj", "{3457AB87-971B-4C55-84BA-7960AF18CE49}"
EndProject
Project("{FAE04EC0-301F-11D3-BF4B-00C04F79EFBC}") = "UsersAndAwards.DAL.Dependencies", "UsersAndAwards.DAL.Dependencies\UsersAndAwards.DAL.Dependencies.csproj", "{4D0043A1-BFFD-43A0-BD03-560F3EC5D96A}"
EndProject
Project("{FAE04EC0-301F-11D3-BF4B-00C04F79EFBC}") = "UsersAndAwards.BLL", "UsersAndAwards.BLL\UsersAndAwards.BLL.csproj", "{B8DDB7E2-9B1C-45FB-BF56-253268122DDB}"
EndProject
Project("{FAE04EC0-301F-11D3-BF4B-00C04F79EFBC}") = "UsersAndAwards.BLL.Interface", "UsersAndAwards.BLL.Interface\UsersAndAwards.BLL.Interface.csproj", "{D1686A41-1B94-4946-8B16-15D0B9AED09F}"
EndProject
Project("{FAE04EC0-301F-11D3-BF4B-00C04F79EFBC}") = "UsersAndAwards.BLL.Dependencies", "UsersAndAwards.BLL.Dependencies\UsersAndAwards.BLL.Dependencies.csproj", "{68EFD268-1F05-490A-9FD8-57BECDC6B25A}"
EndProject
Project("{FAE04EC0-301F-11D3-BF4B-00C04F79EFBC}") = "UsersAndAwards.Entities", "UsersAndAwords.Entities\UsersAndAwards.Entities.csproj", "{1A188838-3C1E-4E5C-83C1-19CE4D117AD1}"
EndProject
Project("{FAE04EC0-301F-11D3-BF4B-00C04F79EFBC}") = "UsersAndAwards.PL.Dependencies", "UsersAndAwards.PL.Dependencies\UsersAndAwards.PL.Dependencies.csproj", "{1C75E1C9-9BE7-489C-AE14-4B1B1FF45D4D}"
EndProject
Project("{FAE04EC0-301F-11D3-BF4B-00C04F79EFBC}") = "UsersAndAwards.PL.Interface", "UsersAndAwords.PL.Interface\UsersAndAwards.PL.Interface.csproj", "{C2C33ADA-20DB-4C42-8EC9-2DDC1BA15F5F}"
EndProject
Project("{FAE04EC0-301F-11D3-BF4B-00C04F79EFBC}") = "UsersAndAwards.PL.Console", "UsersAndAwords.PL.Console\UsersAndAwards.PL.Console.csproj", "{3D1E94B2-9682-4D80-8E0A-D0FAE5EE4149}"
EndProject
Global
	GlobalSection(SolutionConfigurationPlatforms) = preSolution
		Debug|Any CPU = Debug|Any CPU
		Release|Any CPU = Release|Any CPU
	EndGlobalSection
	GlobalSection(ProjectConfigurationPlatforms) = postSolution
		{47EDCB40-A94B-48D1-8E6D-D0A3EE191529}.Debug|Any CPU.ActiveCfg = Debug|Any CPU
		{47EDCB40-A94B-48D1-8E6D-D0A3EE191529}.Debug|Any CPU.Build.0 = Debug|Any CPU
		{47EDCB40-A94B-48D1-8E6D-D0A3EE191529}.Release|Any CPU.ActiveCfg = Release|Any CPU
		{47EDCB40-A94B-48D1-8E6D-D0A3EE191529}.Release|Any CPU.Build.0 = Release|Any CPU
		{3457AB87-971B-4C55-84BA-7960AF18CE49}.Debug|Any CPU.ActiveCfg = Debug|Any CPU
		{3457AB87-971B-4C55-84BA-7960AF18CE49}.Debug|Any CPU.Build.0 = Debug|Any CPU
		{3457AB87-971B-4C55-84BA-7960AF18CE49}.Release|Any CPU.ActiveCfg = Release|Any CPU
		{3457AB87-971B-4C55-84BA-7960AF18CE49}.Release|Any CPU.Build.0 = Release|Any CPU
		{4D0043A1-BFFD-43A0-BD03-560F3EC5D96A}.Debug|Any CPU.ActiveCfg = Debug|Any CPU
		{4D0043A1-BFFD-43A0-BD03-560F3EC5D96A}.Debug|Any CPU.Build.0 = Debug|Any CPU
		{4D0043A1-BFFD-43A0-BD03-560F3EC5D96A}.Release|Any CPU.ActiveCfg = Release|Any CPU
		{4D0043A1-BFFD-43A0-BD03-560F3EC5D96A}.Release|Any CPU.Build.0 = Release|Any CPU
		{B8DDB7E2-9B1C-45FB-BF56-253268122DDB}.Debug|Any CPU.ActiveCfg = Debug|Any CPU
		{B8DDB7E2-9B1C-45FB-BF56-253268122DDB}.Debug|Any CPU.Build.0 = Debug|Any CPU
		{B8DDB7E2-9B1C-45FB-BF56-253268122DDB}.Release|Any CPU.ActiveCfg = Release|Any CPU
		{B8DDB7E2-9B1C-45FB-BF56-253268122DDB}.Release|Any CPU.Build.0 = Release|Any CPU
		{D1686A41-1B94-4946-8B16-15D0B9AED09F}.Debug|Any CPU.ActiveCfg = Debug|Any CPU
		{D1686A41-1B94-4946-8B16-15D0B9AED09F}.Debug|Any CPU.Build.0 = Debug|Any CPU
		{D1686A41-1B94-4946-8B16-15D0B9AED09F}.Release|Any CPU.ActiveCfg = Release|Any CPU
		{D1686A41-1B94-4946-8B16-15D0B9AED09F}.Release|Any CPU.Build.0 = Release|Any CPU
		{68EFD268-1F05-490A-9FD8-57BECDC6B25A}.Debug|Any CPU.ActiveCfg = Debug|Any CPU
		{68EFD268-1F05-490A-9FD8-57BECDC6B25A}.Debug|Any CPU.Build.0 = Debug|Any CPU
		{68EFD268-1F05-490A-9FD8-57BECDC6B25A}.Release|Any CPU.ActiveCfg = Release|Any CPU
		{68EFD268-1F05-490A-9FD8-57BECDC6B25A}.Release|Any CPU.Build.0 = Release|Any CPU
		{1A188838-3C1E-4E5C-83C1-19CE4D117AD1}.Debug|Any CPU.ActiveCfg = Debug|Any CPU
		{1A188838-3C1E-4E5C-83C1-19CE4D117AD1}.Debug|Any CPU.Build.0 = Debug|Any CPU
		{1A188838-3C1E-4E5C-83C1-19CE4D117AD1}.Release|Any CPU.ActiveCfg = Release|Any CPU
		{1A188838-3C1E-4E5C-83C1-19CE4D117AD1}.Release|Any CPU.Build.0 = Release|Any CPU
		{1C75E1C9-9BE7-489C-AE14-4B1B1FF45D4D}.Debug|Any CPU.ActiveCfg = Debug|Any CPU
		{1C75E1C9-9BE7-489C-AE14-4B1B1FF45D4D}.Debug|Any CPU.Build.0 = Debug|Any CPU
		{1C75E1C9-9BE7-489C-AE14-4B1B1FF45D4D}.Release|Any CPU.ActiveCfg = Release|Any CPU
		{1C75E1C9-9BE7-489C-AE14-4B1B1FF45D4D}.Release|Any CPU.Build.0 = Release|Any CPU
		{C2C33ADA-20DB-4C42-8EC9-2DDC1BA15F5F}.Debug|Any CPU.ActiveCfg = Debug|Any CPU
		{C2C33ADA-20DB-4C42-8EC9-2DDC1BA15F5F}.Debug|Any CPU.Build.0 = Debug|Any CPU
		{C2C33ADA-20DB-4C42-8EC9-2DDC1BA15F5F}.Release|Any CPU.ActiveCfg = Release|Any CPU
		{C2C33ADA-20DB-4C42-8EC9-2DDC1BA15F5F}.Release|Any CPU.Build.0 = Release|Any CPU
		{3D1E94B2-9682-4D80-8E0A-D0FAE5EE4149}.Debug|Any CPU.ActiveCfg = Debug|Any CPU
		{3D1E94B2-9682-4D80-8E0A-D0FAE5EE4149}.Debug|Any CPU.Build.0 = Debug|Any CPU
		{3D1E94B2-9682-4D80-8E0A-D0FAE5EE4149}.Release|Any CPU.ActiveCfg = Release|Any CPU
		{3D1E94B2-9682-4D80-8E0A-D0FAE5EE4149}.Release|Any CPU.Build.0 = Release|Any CPU
	EndGlobalSection
	GlobalSection(SolutionProperties) = preSolution
		HideSolutionNode = FALSE
	EndGlobalSection
	GlobalSection(NestedProjects) = preSolution
		{47EDCB40-A94B-48D1-8E6D-D0A3EE191529} = {387D2E47-846F-4107-B97F-3388CB34D354}
		{3457AB87-971B-4C55-84BA-7960AF18CE49} = {387D2E47-846F-4107-B97F-3388CB34D354}
		{4D0043A1-BFFD-43A0-BD03-560F3EC5D96A} = {387D2E47-846F-4107-B97F-3388CB34D354}
		{B8DDB7E2-9B1C-45FB-BF56-253268122DDB} = {3A70A4DE-51D3-44F7-8259-6EA42391DD09}
		{D1686A41-1B94-4946-8B16-15D0B9AED09F} = {3A70A4DE-51D3-44F7-8259-6EA42391DD09}
		{68EFD268-1F05-490A-9FD8-57BECDC6B25A} = {3A70A4DE-51D3-44F7-8259-6EA42391DD09}
		{1A188838-3C1E-4E5C-83C1-19CE4D117AD1} = {126EE845-F7BE-448C-BABD-547998DB7700}
		{1C75E1C9-9BE7-489C-AE14-4B1B1FF45D4D} = {53F015F5-427C-4BB0-90B2-6A46B8C48AFB}
		{C2C33ADA-20DB-4C42-8EC9-2DDC1BA15F5F} = {53F015F5-427C-4BB0-90B2-6A46B8C48AFB}
		{3D1E94B2-9682-4D80-8E0A-D0FAE5EE4149} = {53F015F5-427C-4BB0-90B2-6A46B8C48AFB}
	EndGlobalSection
	GlobalSection(ExtensibilityGlobals) = postSolution
		SolutionGuid = {87FC733D-ACAE-400E-8C76-9CB7208D4187}
	EndGlobalSection
EndGlobal
